// !$*UTF8*$!
{
	archiveVersion = 1;
	classes = {
	};
	objectVersion = 56;
	objects = {

/* Begin PBXBuildFile section */
		A10000000000000000000001 /* App.swift in Sources */ = {isa = PBXBuildFile; fileRef = A10000000000000000000011 /* App.swift */; };
		A10000000000000000000002 /* ArpeggiatorEngine.swift in Sources */ = {isa = PBXBuildFile; fileRef = A10000000000000000000012 /* ArpeggiatorEngine.swift */; };
		A10000000000000000000003 /* ChordProgressionEngine.swift in Sources */ = {isa = PBXBuildFile; fileRef = A10000000000000000000013 /* ChordProgressionEngine.swift */; };
		A10000000000000000000004 /* ContentView.swift in Sources */ = {isa = PBXBuildFile; fileRef = A10000000000000000000014 /* ContentView.swift */; };
		A10000000000000000000005 /* LFOEngine.swift in Sources */ = {isa = PBXBuildFile; fileRef = A10000000000000000000015 /* LFOEngine.swift */; };
		A10000000000000000000006 /* MacroControl.swift in Sources */ = {isa = PBXBuildFile; fileRef = A10000000000000000000016 /* MacroControl.swift */; };
		A10000000000000000000007 /* MIDIEngine.swift in Sources */ = {isa = PBXBuildFile; fileRef = A10000000000000000000017 /* MIDIEngine.swift */; };
		A10000000000000000000008 /* MultiTrackEngine.swift in Sources */ = {isa = PBXBuildFile; fileRef = A10000000000000000000018 /* MultiTrackEngine.swift */; };
		A10000000000000000000009 /* PitchShiftEngine.swift in Sources */ = {isa = PBXBuildFile; fileRef = A10000000000000000000019 /* PitchShiftEngine.swift */; };
		A1000000000000000000000A /* PresetManager.swift in Sources */ = {isa = PBXBuildFile; fileRef = A1000000000000000000001A /* PresetManager.swift */; };
		A1000000000000000000000B /* SamplerEngine.swift in Sources */ = {isa = PBXBuildFile; fileRef = A1000000000000000000001B /* SamplerEngine.swift */; };
		A1000000000000000000000C /* SequencerEngine.swift in Sources */ = {isa = PBXBuildFile; fileRef = A1000000000000000000001C /* SequencerEngine.swift */; };
		A1000000000000000000000D /* SynthEngine.swift in Sources */ = {isa = PBXBuildFile; fileRef = A1000000000000000000001D /* SynthEngine.swift */; };
		A1000000000000000000000E /* VisualizerView.swift in Sources */ = {isa = PBXBuildFile; fileRef = A1000000000000000000001E /* VisualizerView.swift */; };
		A1000000000000000000000F /* WavetableEngine.swift in Sources */ = {isa = PBXBuildFile; fileRef = A1000000000000000000001F /* WavetableEngine.swift */; };
		A10000000000000000000020 /* XYPadControl.swift in Sources */ = {isa = PBXBuildFile; fileRef = A1000000000000000000002A /* XYPadControl.swift */; };
		A10000000000000000000021 /* Assets.xcassets in Resources */ = {isa = PBXBuildFile; fileRef = A1000000000000000000002B /* Assets.xcassets */; };
		A10000000000000000000022 /* PrivacyInfo.xcprivacy in Resources */ = {isa = PBXBuildFile; fileRef = A1000000000000000000002C /* PrivacyInfo.xcprivacy */; };
		A10000000000000000000023 /* GoogleMobileAds in Frameworks */ = {isa = PBXBuildFile; productRef = A100000000000000000000B1 /* GoogleMobileAds */; };
/* End PBXBuildFile section */

/* Begin PBXFileReference section */
		A10000000000000000000010 /* STELLARIS.app */ = {isa = PBXFileReference; explicitFileType = wrapper.application; includeInIndex = 0; path = STELLARIS.app; sourceTree = BUILT_PRODUCTS_DIR; };
		A10000000000000000000011 /* App.swift */ = {isa = PBXFileReference; lastKnownFileType = sourcecode.swift; path = App.swift; sourceTree = "<group>"; };
		A10000000000000000000012 /* ArpeggiatorEngine.swift */ = {isa = PBXFileReference; lastKnownFileType = sourcecode.swift; path = ArpeggiatorEngine.swift; sourceTree = "<group>"; };
		A10000000000000000000013 /* ChordProgressionEngine.swift */ = {isa = PBXFileReference; lastKnownFileType = sourcecode.swift; path = ChordProgressionEngine.swift; sourceTree = "<group>"; };
		A10000000000000000000014 /* ContentView.swift */ = {isa = PBXFileReference; lastKnownFileType = sourcecode.swift; path = ContentView.swift; sourceTree = "<group>"; };
		A10000000000000000000015 /* LFOEngine.swift */ = {isa = PBXFileReference; lastKnownFileType = sourcecode.swift; path = LFOEngine.swift; sourceTree = "<group>"; };
		A10000000000000000000016 /* MacroControl.swift */ = {isa = PBXFileReference; lastKnownFileType = sourcecode.swift; path = MacroControl.swift; sourceTree = "<group>"; };
		A10000000000000000000017 /* MIDIEngine.swift */ = {isa = PBXFileReference; lastKnownFileType = sourcecode.swift; path = MIDIEngine.swift; sourceTree = "<group>"; };
		A10000000000000000000018 /* MultiTrackEngine.swift */ = {isa = PBXFileReference; lastKnownFileType = sourcecode.swift; path = MultiTrackEngine.swift; sourceTree = "<group>"; };
		A10000000000000000000019 /* PitchShiftEngine.swift */ = {isa = PBXFileReference; lastKnownFileType = sourcecode.swift; path = PitchShiftEngine.swift; sourceTree = "<group>"; };
		A1000000000000000000001A /* PresetManager.swift */ = {isa = PBXFileReference; lastKnownFileType = sourcecode.swift; path = PresetManager.swift; sourceTree = "<group>"; };
		A1000000000000000000001B /* SamplerEngine.swift */ = {isa = PBXFileReference; lastKnownFileType = sourcecode.swift; path = SamplerEngine.swift; sourceTree = "<group>"; };
		A1000000000000000000001C /* SequencerEngine.swift */ = {isa = PBXFileReference; lastKnownFileType = sourcecode.swift; path = SequencerEngine.swift; sourceTree = "<group>"; };
		A1000000000000000000001D /* SynthEngine.swift */ = {isa = PBXFileReference; lastKnownFileType = sourcecode.swift; path = SynthEngine.swift; sourceTree = "<group>"; };
		A1000000000000000000001E /* VisualizerView.swift */ = {isa = PBXFileReference; lastKnownFileType = sourcecode.swift; path = VisualizerView.swift; sourceTree = "<group>"; };
		A1000000000000000000001F /* WavetableEngine.swift */ = {isa = PBXFileReference; lastKnownFileType = sourcecode.swift; path = WavetableEngine.swift; sourceTree = "<group>"; };
		A1000000000000000000002A /* XYPadControl.swift */ = {isa = PBXFileReference; lastKnownFileType = sourcecode.swift; path = XYPadControl.swift; sourceTree = "<group>"; };
		A1000000000000000000002B /* Assets.xcassets */ = {isa = PBXFileReference; lastKnownFileType = folder.assetcatalog; path = Assets.xcassets; sourceTree = "<group>"; };
		A1000000000000000000002C /* PrivacyInfo.xcprivacy */ = {isa = PBXFileReference; lastKnownFileType = text.xml; path = PrivacyInfo.xcprivacy; sourceTree = "<group>"; };
/* End PBXFileReference section */

/* Begin PBXFrameworksBuildPhase section */
		A10000000000000000000030 /* Frameworks */ = {
			isa = PBXFrameworksBuildPhase;
			buildActionMask = 2147483647;
			files = (
				A10000000000000000000023 /* GoogleMobileAds in Frameworks */,
			);
			runOnlyForDeploymentPostprocessing = 0;
		};
/* End PBXFrameworksBuildPhase section */

/* Begin PBXGroup section */
		A10000000000000000000040 = {
			isa = PBXGroup;
			children = (
				A10000000000000000000041 /* STELLARIS */,
				A10000000000000000000042 /* Products */,
			);
			sourceTree = "<group>";
		};
		A10000000000000000000041 /* STELLARIS */ = {
			isa = PBXGroup;
			children = (
				A10000000000000000000011 /* App.swift */,
				A10000000000000000000012 /* ArpeggiatorEngine.swift */,
				A10000000000000000000013 /* ChordProgressionEngine.swift */,
				A10000000000000000000014 /* ContentView.swift */,
				A10000000000000000000015 /* LFOEngine.swift */,
				A10000000000000000000016 /* MacroControl.swift */,
				A10000000000000000000017 /* MIDIEngine.swift */,
				A10000000000000000000018 /* MultiTrackEngine.swift */,
				A10000000000000000000019 /* PitchShiftEngine.swift */,
				A1000000000000000000001A /* PresetManager.swift */,
				A1000000000000000000001B /* SamplerEngine.swift */,
				A1000000000000000000001C /* SequencerEngine.swift */,
				A1000000000000000000001D /* SynthEngine.swift */,
				A1000000000000000000001E /* VisualizerView.swift */,
				A1000000000000000000001F /* WavetableEngine.swift */,
				A1000000000000000000002A /* XYPadControl.swift */,
				A1000000000000000000002B /* Assets.xcassets */,
				A1000000000000000000002C /* PrivacyInfo.xcprivacy */,
			);
			path = STELLARIS;
			sourceTree = "<group>";
		};
		A10000000000000000000042 /* Products */ = {
			isa = PBXGroup;
			children = (
				A10000000000000000000010 /* STELLARIS.app */,
			);
			name = Products;
			sourceTree = "<group>";
		};
/* End PBXGroup section */

/* Begin PBXNativeTarget section */
		A10000000000000000000050 /* STELLARIS */ = {
			isa = PBXNativeTarget;
			buildConfigurationList = A10000000000000000000080 /* Build configuration list for PBXNativeTarget "STELLARIS" */;
			buildPhases = (
				A10000000000000000000060 /* Sources */,
				A10000000000000000000030 /* Frameworks */,
				A10000000000000000000061 /* Resources */,
			);
			buildRules = (
			);
			dependencies = (
			);
			name = STELLARIS;
			packageProductDependencies = (
				A100000000000000000000B1 /* GoogleMobileAds */,
			);
			productName = STELLARIS;
			productReference = A10000000000000000000010 /* STELLARIS.app */;
			productType = "com.apple.product-type.application";
		};
/* End PBXNativeTarget section */

/* Begin PBXProject section */
		A10000000000000000000070 /* Project object */ = {
			isa = PBXProject;
			attributes = {
				BuildIndependentTargetsInParallel = 1;
				LastSwiftUpdateCheck = 1540;
				LastUpgradeCheck = 1540;
				TargetAttributes = {
					A10000000000000000000050 = {
						CreatedOnToolsVersion = 15.4;
					};
				};
			};
			buildConfigurationList = A10000000000000000000071 /* Build configuration list for PBXProject "STELLARIS" */;
			compatibilityVersion = "Xcode 14.0";
			developmentRegion = en;
			hasScannedForEncodings = 0;
			knownRegions = (
				en,
				Base,
			);
			mainGroup = A10000000000000000000040;
			packageReferences = (
				A100000000000000000000B0 /* XCRemoteSwiftPackageReference "swift-package-manager-google-mobile-ads" */,
			);
			productRefGroup = A10000000000000000000042 /* Products */;
			projectDirPath = "";
			projectRoot = "";
			targets = (
				A10000000000000000000050 /* STELLARIS */,
			);
		};
/* End PBXProject section */

/* Begin PBXResourcesBuildPhase section */
		A10000000000000000000061 /* Resources */ = {
			isa = PBXResourcesBuildPhase;
			buildActionMask = 2147483647;
			files = (
				A10000000000000000000021 /* Assets.xcassets in Resources */,
				A10000000000000000000022 /* PrivacyInfo.xcprivacy in Resources */,
			);
			runOnlyForDeploymentPostprocessing = 0;
		};
/* End PBXResourcesBuildPhase section */

/* Begin PBXSourcesBuildPhase section */
		A10000000000000000000060 /* Sources */ = {
			isa = PBXSourcesBuildPhase;
			buildActionMask = 2147483647;
			files = (
				A10000000000000000000001 /* App.swift in Sources */,
				A10000000000000000000002 /* ArpeggiatorEngine.swift in Sources */,
				A10000000000000000000003 /* ChordProgressionEngine.swift in Sources */,
				A10000000000000000000004 /* ContentView.swift in Sources */,
				A10000000000000000000005 /* LFOEngine.swift in Sources */,
				A10000000000000000000006 /* MacroControl.swift in Sources */,
				A10000000000000000000007 /* MIDIEngine.swift in Sources */,
				A10000000000000000000008 /* MultiTrackEngine.swift in Sources */,
				A10000000000000000000009 /* PitchShiftEngine.swift in Sources */,
				A1000000000000000000000A /* PresetManager.swift in Sources */,
				A1000000000000000000000B /* SamplerEngine.swift in Sources */,
				A1000000000000000000000C /* SequencerEngine.swift in Sources */,
				A1000000000000000000000D /* SynthEngine.swift in Sources */,
				A1000000000000000000000E /* VisualizerView.swift in Sources */,
				A1000000000000000000000F /* WavetableEngine.swift in Sources */,
				A10000000000000000000020 /* XYPadControl.swift in Sources */,
			);
			runOnlyForDeploymentPostprocessing = 0;
		};
/* End PBXSourcesBuildPhase section */

/* Begin XCRemoteSwiftPackageReference section */
		A100000000000000000000B0 /* XCRemoteSwiftPackageReference "swift-package-manager-google-mobile-ads" */ = {
			isa = XCRemoteSwiftPackageReference;
			repositoryURL = "https://github.com/googleads/swift-package-manager-google-mobile-ads.git";
			requirement = {
				kind = upToNextMajorVersion;
				minimumVersion = 12.0.0;
			};
		};
/* End XCRemoteSwiftPackageReference section */

/* Begin XCSwiftPackageProductDependency section */
		A100000000000000000000B1 /* GoogleMobileAds */ = {
			isa = XCSwiftPackageProductDependency;
			package = A100000000000000000000B0 /* XCRemoteSwiftPackageReference "swift-package-manager-google-mobile-ads" */;
			productName = GoogleMobileAds;
		};
/* End XCSwiftPackageProductDependency section */

/* Begin XCBuildConfiguration section */
		A10000000000000000000090 /* Debug */ = {
			isa = XCBuildConfiguration;
			buildSettings = {
				ALWAYS_SEARCH_USER_PATHS = NO;
				CLANG_ANALYZER_NONNULL = YES;
				CLANG_ANALYZER_NUMBER_OBJECT_CONVERSION = YES_AGGRESSIVE;
				CLANG_CXX_LANGUAGE_STANDARD = "gnu++20";
				CLANG_ENABLE_MODULES = YES;
				CLANG_ENABLE_OBJC_ARC = YES;
				CLANG_ENABLE_OBJC_WEAK = YES;
				CLANG_WARN_BOOL_CONVERSION = YES;
				CLANG_WARN_COMMA = YES;
				CLANG_WARN_CONSTANT_CONVERSION = YES;
				CLANG_WARN_DEPRECATED_OBJC_IMPLEMENTATIONS = YES;
				CLANG_WARN_DIRECT_OBJC_ISA_USAGE = YES_ERROR;
				CLANG_WARN_DOCUMENTATION_COMMENTS = YES;
				CLANG_WARN_EMPTY_BODY = YES;
				CLANG_WARN_ENUM_CONVERSION = YES;
				CLANG_WARN_INFINITE_RECURSION = YES;
				CLANG_WARN_INT_CONVERSION = YES;
				CLANG_WARN_NON_LITERAL_NULL_CONVERSION = YES;
				CLANG_WARN_OBJC_IMPLICIT_RETAIN_SELF = YES;
				CLANG_WARN_OBJC_LITERAL_CONVERSION = YES;
				CLANG_WARN_OBJC_ROOT_CLASS = YES_ERROR;
				CLANG_WARN_QUOTED_INCLUDE_IN_FRAMEWORK_HEADER = YES;
				CLANG_WARN_RANGE_LOOP_ANALYSIS = YES;
				CLANG_WARN_STRICT_PROTOTYPES = YES;
				CLANG_WARN_SUSPICIOUS_MOVE = YES;
				CLANG_WARN_UNGUARDED_AVAILABILITY = YES_AGGRESSIVE;
				CLANG_WARN_UNREACHABLE_CODE = YES;
				CLANG_WARN__DUPLICATE_METHOD_MATCH = YES;
				COPY_PHASE_STRIP = NO;
				DEBUG_INFORMATION_FORMAT = dwarf;
				ENABLE_STRICT_OBJC_MSGSEND = YES;
				ENABLE_TESTABILITY = YES;
				GCC_C_LANGUAGE_STANDARD = gnu17;
				GCC_DYNAMIC_NO_PIC = NO;
				GCC_NO_COMMON_BLOCKS = YES;
				GCC_OPTIMIZATION_LEVEL = 0;
				GCC_PREPROCESSOR_DEFINITIONS = (
					"DEBUG=1",
					"$(inherited)",
				);
				GCC_WARN_64_TO_32_BIT_CONVERSION = YES;
				GCC_WARN_ABOUT_RETURN_TYPE = YES_ERROR;
				GCC_WARN_UNDECLARED_SELECTOR = YES;
				GCC_WARN_UNINITIALIZED_AUTOS = YES_AGGRESSIVE;
				GCC_WARN_UNUSED_FUNCTION = YES;
				GCC_WARN_UNUSED_VARIABLE = YES;
				IPHONEOS_DEPLOYMENT_TARGET = 15.0;
				MTL_ENABLE_DEBUG_INFO = INCLUDE_SOURCE;
				MTL_FAST_MATH = YES;
				ONLY_ACTIVE_ARCH = YES;
				SDKROOT = iphoneos;
				SWIFT_ACTIVE_COMPILATION_CONDITIONS = DEBUG;
				SWIFT_OPTIMIZATION_LEVEL = "-Onone";
			};
			name = Debug;
		};
		A10000000000000000000091 /* Release */ = {
			isa = XCBuildConfiguration;
			buildSettings = {
				ALWAYS_SEARCH_USER_PATHS = NO;
				CLANG_ANALYZER_NONNULL = YES;
				CLANG_ANALYZER_NUMBER_OBJECT_CONVERSION = YES_AGGRESSIVE;
				CLANG_CXX_LANGUAGE_STANDARD = "gnu++20";
				CLANG_ENABLE_MODULES = YES;
				CLANG_ENABLE_OBJC_ARC = YES;
				CLANG_ENABLE_OBJC_WEAK = YES;
				CLANG_WARN_BOOL_CONVERSION = YES;
				CLANG_WARN_COMMA = YES;
				CLANG_WARN_CONSTANT_CONVERSION = YES;
				CLANG_WARN_DEPRECATED_OBJC_IMPLEMENTATIONS = YES;
				CLANG_WARN_DIRECT_OBJC_ISA_USAGE = YES_ERROR;
				CLANG_WARN_DOCUMENTATION_COMMENTS = YES;
				CLANG_WARN_EMPTY_BODY = YES;
				CLANG_WARN_ENUM_CONVERSION = YES;
				CLANG_WARN_INFINITE_RECURSION = YES;
				CLANG_WARN_INT_CONVERSION = YES;
				CLANG_WARN_NON_LITERAL_NULL_CONVERSION = YES;
				CLANG_WARN_OBJC_IMPLICIT_RETAIN_SELF = YES;
				CLANG_WARN_OBJC_LITERAL_CONVERSION = YES;
				CLANG_WARN_OBJC_ROOT_CLASS = YES_ERROR;
				CLANG_WARN_QUOTED_INCLUDE_IN_FRAMEWORK_HEADER = YES;
				CLANG_WARN_RANGE_LOOP_ANALYSIS = YES;
				CLANG_WARN_STRICT_PROTOTYPES = YES;
				CLANG_WARN_SUSPICIOUS_MOVE = YES;
				CLANG_WARN_UNGUARDED_AVAILABILITY = YES_AGGRESSIVE;
				CLANG_WARN_UNREACHABLE_CODE = YES;
				CLANG_WARN__DUPLICATE_METHOD_MATCH = YES;
				COPY_PHASE_STRIP = NO;
				DEBUG_INFORMATION_FORMAT = "dwarf-with-dsym";
				ENABLE_NS_ASSERTIONS = NO;
				ENABLE_STRICT_OBJC_MSGSEND = YES;
				GCC_C_LANGUAGE_STANDARD = gnu17;
				GCC_NO_COMMON_BLOCKS = YES;
				GCC_WARN_64_TO_32_BIT_CONVERSION = YES;
				GCC_WARN_ABOUT_RETURN_TYPE = YES_ERROR;
				GCC_WARN_UNDECLARED_SELECTOR = YES;
				GCC_WARN_UNINITIALIZED_AUTOS = YES_AGGRESSIVE;
				GCC_WARN_UNUSED_FUNCTION = YES;
				GCC_WARN_UNUSED_VARIABLE = YES;
				IPHONEOS_DEPLOYMENT_TARGET = 15.0;
				MTL_ENABLE_DEBUG_INFO = NO;
				MTL_FAST_MATH = YES;
				SDKROOT = iphoneos;
				SWIFT_COMPILATION_MODE = wholemodule;
				SWIFT_OPTIMIZATION_LEVEL = "-O";
				VALIDATE_PRODUCT = YES;
			};
			name = Release;
		};
		A10000000000000000000092 /* Debug */ = {
			isa = XCBuildConfiguration;
			buildSettings = {
				ASSETCATALOG_COMPILER_ACCENT_COLOR_NAME = AccentColor;
				ASSETCATALOG_COMPILER_APPICON_NAME = AppIcon;
				CODE_SIGN_STYLE = Automatic;
				CURRENT_PROJECT_VERSION = 1;
				DEVELOPMENT_TEAM = 83VGKGSQUH;
				ENABLE_PREVIEWS = YES;
				GENERATE_INFOPLIST_FILE = YES;
				INFOPLIST_KEY_CFBundleDisplayName = STELLARIS;
				INFOPLIST_KEY_GADApplicationIdentifier = "ca-app-pub-9404799280370656~6838472754";
				INFOPLIST_KEY_UIApplicationSceneManifest_Generation = YES;
				INFOPLIST_KEY_UIApplicationSupportsIndirectInputEvents = YES;
				INFOPLIST_KEY_UILaunchScreen_Generation = YES;
				INFOPLIST_KEY_UISupportedInterfaceOrientations = UIInterfaceOrientationPortrait;
				IPHONEOS_DEPLOYMENT_TARGET = 15.0;
				MARKETING_VERSION = 1.0;
				PRODUCT_BUNDLE_IDENTIFIER = com.tokyonasu.STELLARIS;
				PRODUCT_NAME = "$(TARGET_NAME)";
				SWIFT_EMIT_LOC_STRINGS = YES;
				SWIFT_VERSION = 5.0;
				TARGETED_DEVICE_FAMILY = 1;
			};
			name = Debug;
		};
		A10000000000000000000093 /* Release */ = {
			isa = XCBuildConfiguration;
			buildSettings = {
				ASSETCATALOG_COMPILER_ACCENT_COLOR_NAME = AccentColor;
				ASSETCATALOG_COMPILER_APPICON_NAME = AppIcon;
				CODE_SIGN_STYLE = Automatic;
				CURRENT_PROJECT_VERSION = 1;
				DEVELOPMENT_TEAM = 83VGKGSQUH;
				ENABLE_PREVIEWS = YES;
				GENERATE_INFOPLIST_FILE = YES;
				INFOPLIST_KEY_CFBundleDisplayName = STELLARIS;
				INFOPLIST_KEY_GADApplicationIdentifier = "ca-app-pub-9404799280370656~6838472754";
				INFOPLIST_KEY_UIApplicationSceneManifest_Generation = YES;
				INFOPLIST_KEY_UIApplicationSupportsIndirectInputEvents = YES;
				INFOPLIST_KEY_UILaunchScreen_Generation = YES;
				INFOPLIST_KEY_UISupportedInterfaceOrientations = UIInterfaceOrientationPortrait;
				IPHONEOS_DEPLOYMENT_TARGET = 15.0;
				MARKETING_VERSION = 1.0;
				PRODUCT_BUNDLE_IDENTIFIER = com.tokyonasu.STELLARIS;
				PRODUCT_NAME = "$(TARGET_NAME)";
				SWIFT_EMIT_LOC_STRINGS = YES;
				SWIFT_VERSION = 5.0;
				TARGETED_DEVICE_FAMILY = 1;
			};
			name = Release;
		};
/* End XCBuildConfiguration section */

/* Begin XCConfigurationList section */
		A10000000000000000000071 /* Build configuration list for PBXProject "STELLARIS" */ = {
			isa = XCConfigurationList;
			buildConfigurations = (
				A10000000000000000000090 /* Debug */,
				A10000000000000000000091 /* Release */,
			);
			defaultConfigurationIsVisible = 0;
			defaultConfigurationName = Release;
		};
		A10000000000000000000080 /* Build configuration list for PBXNativeTarget "STELLARIS" */ = {
			isa = XCConfigurationList;
			buildConfigurations = (
				A10000000000000000000092 /* Debug */,
				A10000000000000000000093 /* Release */,
			);
			defaultConfigurationIsVisible = 0;
			defaultConfigurationName = Release;
		};
/* End XCConfigurationList section */
	};
	rootObject = A10000000000000000000070 /* Project object */;
}
